
Microsoft Visual Studio Solution File, Format Version 12.00
# Visual Studio Version 16
VisualStudioVersion = 16.0.31005.135
MinimumVisualStudioVersion = 10.0.40219.1
Project("{FAE04EC0-301F-11D3-BF4B-00C04F79EFBC}") = "CloudCoin", "CloudCoin.csproj", "{161D5DE1-7839-4E72-81F9-088E591EBCF7}"
EndProject
Global
	GlobalSection(SolutionConfigurationPlatforms) = preSolution
		Debug|Any CPU = Debug|Any CPU
		Release|Any CPU = Release|Any CPU
	EndGlobalSection
	GlobalSection(ProjectConfigurationPlatforms) = postSolution
		{161D5DE1-7839-4E72-81F9-088E591EBCF7}.Debug|Any CPU.ActiveCfg = Debug|Any CPU
		{161D5DE1-7839-4E72-81F9-088E591EBCF7}.Debug|Any CPU.Build.0 = Debug|Any CPU
		{161D5DE1-7839-4E72-81F9-088E591EBCF7}.Release|Any CPU.ActiveCfg = Release|Any CPU
		{161D5DE1-7839-4E72-81F9-088E591EBCF7}.Release|Any CPU.Build.0 = Release|Any CPU
	EndGlobalSection
	GlobalSection(SolutionProperties) = preSolution
		HideSolutionNode = FALSE
	EndGlobalSection
	GlobalSection(ExtensibilityGlobals) = postSolution
		SolutionGuid = {CB473B5E-BE96-4307-A016-1FFA7BAE034B}
	EndGlobalSection
EndGlobal
